
Microsoft Visual Studio Solution File, Format Version 12.00
# Visual Studio 14
VisualStudioVersion = 14.0.23107.0
MinimumVisualStudioVersion = 10.0.40219.1
Project("{FAE04EC0-301F-11D3-BF4B-00C04F79EFBC}") = "CnasWNS", "CnasWNS\CnasWNS.csproj", "{71BF4897-F0FB-4950-ADC8-2C90FB15E617}"
EndProject
Project("{FAE04EC0-301F-11D3-BF4B-00C04F79EFBC}") = "CnasBaseUC", "CnasBaseOCX\CnasBaseUC.csproj", "{3F618A86-B770-4B42-99FE-9EA316F348CC}"
EndProject
Project("{FAE04EC0-301F-11D3-BF4B-00C04F79EFBC}") = "CnasServerConsole", "CnasServerConsole\CnasServerConsole.csproj", "{C58DA5D7-A8C2-4949-80F9-83884B0B82BC}"
EndProject
Project("{FAE04EC0-301F-11D3-BF4B-00C04F79EFBC}") = "CnasBaseClassClient", "CnasClientBaseClass\CnasBaseClassClient.csproj", "{3D243B7C-DCFE-4BDC-8ADF-EF93DB171705}"
EndProject
Project("{FAE04EC0-301F-11D3-BF4B-00C04F79EFBC}") = "CnasBaseInterface", "CnasBaseInterface\CnasBaseInterface.csproj", "{8F3574DF-3D48-4E40-8C01-19BDA5016463}"
EndProject
Project("{FAE04EC0-301F-11D3-BF4B-00C04F79EFBC}") = "CnasTest", "CnasTest\CnasTest.csproj", "{09D3290C-89ED-4D4E-9390-2ABC14E3BB8E}"
EndProject
Project("{FAE04EC0-301F-11D3-BF4B-00C04F79EFBC}") = "CnasHCSManagerUC", "CnasHCSManagerUC\CnasHCSManagerUC.csproj", "{FFE1B015-A91E-4AC2-88BC-20428FB23104}"
EndProject
Project("{FAE04EC0-301F-11D3-BF4B-00C04F79EFBC}") = "CnasHCSSystemUC", "CnasHCSSystemUC\CnasHCSSystemUC.csproj", "{1097BD34-D984-4C78-9DCF-1E00BF8EA632}"
EndProject
Project("{FAE04EC0-301F-11D3-BF4B-00C04F79EFBC}") = "CnasBarcodeLib", "CnasBarcodeLib\CnasBarcodeLib.csproj", "{F8646414-0C9C-49BB-9DA3-3923BF78A398}"
EndProject
Project("{FAE04EC0-301F-11D3-BF4B-00C04F79EFBC}") = "CnasBaseClassServer", "CnasBaseClassServer\CnasBaseClassServer.csproj", "{12F14118-E740-455B-9EED-155F84992DB6}"
EndProject
Project("{FAE04EC0-301F-11D3-BF4B-00C04F79EFBC}") = "CnasWorkflowArithmetic", "CnasWorkflowArithmetic\CnasWorkflowArithmetic.csproj", "{F2F84E44-CF83-4390-9DA9-AE90A52CEFD4}"
EndProject
Project("{FAE04EC0-301F-11D3-BF4B-00C04F79EFBC}") = "CnasHCSWorkspaceDecon", "CnasHCSWorkspaceDecon\CnasHCSWorkspaceDecon.csproj", "{3ECFF75D-4C34-43C6-A8B8-6F41C2379045}"
EndProject
Project("{FAE04EC0-301F-11D3-BF4B-00C04F79EFBC}") = "CnasHCSWorkspacePacking", "CnasHCSWorkspacePacking\CnasHCSWorkspacePacking.csproj", "{0912B9D0-B6CC-4119-AECA-765B33EA518A}"
EndProject
Project("{FAE04EC0-301F-11D3-BF4B-00C04F79EFBC}") = "CnasHCSWorkspaceSterilization", "CnasHCSWorkspaceSterilization\CnasHCSWorkspaceSterilization.csproj", "{96600FA1-6E38-45CA-AA7C-E4EC3364CAEA}"
EndProject
Project("{FAE04EC0-301F-11D3-BF4B-00C04F79EFBC}") = "CnasHCSWorkspaceUse", "CnasHCSWorkspaceUse\CnasHCSWorkspaceUse.csproj", "{13601C14-227D-493E-818C-36356FB1B197}"
EndProject
Project("{FAE04EC0-301F-11D3-BF4B-00C04F79EFBC}") = "CnasWorkflowUILibrary", "CnasWorkflowUILibrary\CnasWorkflowUILibrary.csproj", "{D54EAD4E-0069-4C92-8E72-14554BC1A008}"
EndProject
Project("{FAE04EC0-301F-11D3-BF4B-00C04F79EFBC}") = "CnasCameraUC", "CnasCameraUC\CnasCameraUC.csproj", "{E6052609-A070-41D5-85B9-ACABA91170C5}"
EndProject
Project("{FAE04EC0-301F-11D3-BF4B-00C04F79EFBC}") = "CnasUI", "CnasUI\CnasUI.csproj", "{6DA6F7DB-5916-4D3B-93A1-35597E40F209}"
EndProject
Project("{FAE04EC0-301F-11D3-BF4B-00C04F79EFBC}") = "CnasHCSReport", "CnasHCSReport\CnasHCSReport.csproj", "{858E5492-BABC-44C5-A095-01B763A12A87}"
EndProject
Project("{FAE04EC0-301F-11D3-BF4B-00C04F79EFBC}") = "CRD.WinUI", "CRD.WinUI\CRD.WinUI.csproj", "{3DA5D631-16F3-4733-9FE0-71EEB24CD493}"
EndProject
Project("{FAE04EC0-301F-11D3-BF4B-00C04F79EFBC}") = "CRD.Common", "CRD.Common\CRD.Common.csproj", "{7CF59281-C9BA-47CA-B049-644F55E86D36}"
EndProject
Project("{FAE04EC0-301F-11D3-BF4B-00C04F79EFBC}") = "AutoUpdate", "AutoUpdate\AutoUpdate.csproj", "{76A1C880-1E39-47F2-BCBB-250495484431}"
EndProject
Project("{FAE04EC0-301F-11D3-BF4B-00C04F79EFBC}") = "UpdateApplication", "UpdateApplication\UpdateApplication.csproj", "{C5D353B2-21A1-4360-A0EA-034AD0030181}"
EndProject
Project("{6141683F-8A12-4E36-9623-2EB02B2C2303}") = "Setup1", "Setup1\Setup1.isproj", "{53E4FFEE-D361-4649-B35F-7805201C760B}"
EndProject
Project("{6141683F-8A12-4E36-9623-2EB02B2C2303}") = "Setup3", "Setup3\Setup3.isproj", "{2FF27EF0-EF85-4266-BDEB-3B546CF7547F}"
EndProject
Project("{FAE04EC0-301F-11D3-BF4B-00C04F79EFBC}") = "CnasHCSReporManagerUC", "CnasHCSReporManagerUC\CnasHCSReporManagerUC.csproj", "{10E70EC4-F846-4961-9412-BA586D241B54}"
EndProject
Project("{FAE04EC0-301F-11D3-BF4B-00C04F79EFBC}") = "CnasWebAPI", "CnasWebAPI\CnasWebAPI.csproj", "{656CC121-BB87-4026-980C-25D134572EFB}"
EndProject
Project("{FAE04EC0-301F-11D3-BF4B-00C04F79EFBC}") = "CnasRFIDManager", "CnasRFIDManager\CnasRFIDManager.csproj", "{B899EDCE-A031-47C6-9B84-9BF179AF4891}"
EndProject
Global
	GlobalSection(SolutionConfigurationPlatforms) = preSolution
		CD_ROM|Any CPU = CD_ROM|Any CPU
		CD_ROM|x86 = CD_ROM|x86
		Debug|Any CPU = Debug|Any CPU
		Debug|x86 = Debug|x86
		DVD-5|Any CPU = DVD-5|Any CPU
		DVD-5|x86 = DVD-5|x86
		Release|Any CPU = Release|Any CPU
		Release|x86 = Release|x86
		SingleImage|Any CPU = SingleImage|Any CPU
		SingleImage|x86 = SingleImage|x86
	EndGlobalSection
	GlobalSection(ProjectConfigurationPlatforms) = postSolution
		{71BF4897-F0FB-4950-ADC8-2C90FB15E617}.CD_ROM|Any CPU.ActiveCfg = Release|Any CPU
		{71BF4897-F0FB-4950-ADC8-2C90FB15E617}.CD_ROM|Any CPU.Build.0 = Release|Any CPU
		{71BF4897-F0FB-4950-ADC8-2C90FB15E617}.CD_ROM|x86.ActiveCfg = Release|Any CPU
		{71BF4897-F0FB-4950-ADC8-2C90FB15E617}.Debug|Any CPU.ActiveCfg = Debug|Any CPU
		{71BF4897-F0FB-4950-ADC8-2C90FB15E617}.Debug|Any CPU.Build.0 = Debug|Any CPU
		{71BF4897-F0FB-4950-ADC8-2C90FB15E617}.Debug|x86.ActiveCfg = Debug|Any CPU
		{71BF4897-F0FB-4950-ADC8-2C90FB15E617}.Debug|x86.Build.0 = Debug|Any CPU
		{71BF4897-F0FB-4950-ADC8-2C90FB15E617}.DVD-5|Any CPU.ActiveCfg = Debug|Any CPU
		{71BF4897-F0FB-4950-ADC8-2C90FB15E617}.DVD-5|Any CPU.Build.0 = Debug|Any CPU
		{71BF4897-F0FB-4950-ADC8-2C90FB15E617}.DVD-5|x86.ActiveCfg = Debug|Any CPU
		{71BF4897-F0FB-4950-ADC8-2C90FB15E617}.Release|Any CPU.ActiveCfg = Release|Any CPU
		{71BF4897-F0FB-4950-ADC8-2C90FB15E617}.Release|Any CPU.Build.0 = Release|Any CPU
		{71BF4897-F0FB-4950-ADC8-2C90FB15E617}.Release|x86.ActiveCfg = Release|Any CPU
		{71BF4897-F0FB-4950-ADC8-2C90FB15E617}.SingleImage|Any CPU.ActiveCfg = Release|Any CPU
		{71BF4897-F0FB-4950-ADC8-2C90FB15E617}.SingleImage|Any CPU.Build.0 = Release|Any CPU
		{71BF4897-F0FB-4950-ADC8-2C90FB15E617}.SingleImage|x86.ActiveCfg = Release|Any CPU
		{3F618A86-B770-4B42-99FE-9EA316F348CC}.CD_ROM|Any CPU.ActiveCfg = Release|Any CPU
		{3F618A86-B770-4B42-99FE-9EA316F348CC}.CD_ROM|Any CPU.Build.0 = Release|Any CPU
		{3F618A86-B770-4B42-99FE-9EA316F348CC}.CD_ROM|x86.ActiveCfg = Release|Any CPU
		{3F618A86-B770-4B42-99FE-9EA316F348CC}.Debug|Any CPU.ActiveCfg = Debug|Any CPU
		{3F618A86-B770-4B42-99FE-9EA316F348CC}.Debug|Any CPU.Build.0 = Debug|Any CPU
		{3F618A86-B770-4B42-99FE-9EA316F348CC}.Debug|x86.ActiveCfg = Debug|Any CPU
		{3F618A86-B770-4B42-99FE-9EA316F348CC}.Debug|x86.Build.0 = Debug|Any CPU
		{3F618A86-B770-4B42-99FE-9EA316F348CC}.DVD-5|Any CPU.ActiveCfg = Debug|Any CPU
		{3F618A86-B770-4B42-99FE-9EA316F348CC}.DVD-5|Any CPU.Build.0 = Debug|Any CPU
		{3F618A86-B770-4B42-99FE-9EA316F348CC}.DVD-5|x86.ActiveCfg = Debug|Any CPU
		{3F618A86-B770-4B42-99FE-9EA316F348CC}.Release|Any CPU.ActiveCfg = Release|Any CPU
		{3F618A86-B770-4B42-99FE-9EA316F348CC}.Release|Any CPU.Build.0 = Release|Any CPU
		{3F618A86-B770-4B42-99FE-9EA316F348CC}.Release|x86.ActiveCfg = Release|Any CPU
		{3F618A86-B770-4B42-99FE-9EA316F348CC}.SingleImage|Any CPU.ActiveCfg = Release|Any CPU
		{3F618A86-B770-4B42-99FE-9EA316F348CC}.SingleImage|Any CPU.Build.0 = Release|Any CPU
		{3F618A86-B770-4B42-99FE-9EA316F348CC}.SingleImage|x86.ActiveCfg = Release|Any CPU
		{C58DA5D7-A8C2-4949-80F9-83884B0B82BC}.CD_ROM|Any CPU.ActiveCfg = Release|Any CPU
		{C58DA5D7-A8C2-4949-80F9-83884B0B82BC}.CD_ROM|Any CPU.Build.0 = Release|Any CPU
		{C58DA5D7-A8C2-4949-80F9-83884B0B82BC}.CD_ROM|x86.ActiveCfg = Release|Any CPU
		{C58DA5D7-A8C2-4949-80F9-83884B0B82BC}.Debug|Any CPU.ActiveCfg = Debug|Any CPU
		{C58DA5D7-A8C2-4949-80F9-83884B0B82BC}.Debug|Any CPU.Build.0 = Debug|Any CPU
		{C58DA5D7-A8C2-4949-80F9-83884B0B82BC}.Debug|x86.ActiveCfg = Debug|Any CPU
		{C58DA5D7-A8C2-4949-80F9-83884B0B82BC}.Debug|x86.Build.0 = Debug|Any CPU
		{C58DA5D7-A8C2-4949-80F9-83884B0B82BC}.DVD-5|Any CPU.ActiveCfg = Debug|Any CPU
		{C58DA5D7-A8C2-4949-80F9-83884B0B82BC}.DVD-5|Any CPU.Build.0 = Debug|Any CPU
		{C58DA5D7-A8C2-4949-80F9-83884B0B82BC}.DVD-5|x86.ActiveCfg = Debug|Any CPU
		{C58DA5D7-A8C2-4949-80F9-83884B0B82BC}.Release|Any CPU.ActiveCfg = Release|Any CPU
		{C58DA5D7-A8C2-4949-80F9-83884B0B82BC}.Release|Any CPU.Build.0 = Release|Any CPU
		{C58DA5D7-A8C2-4949-80F9-83884B0B82BC}.Release|x86.ActiveCfg = Release|Any CPU
		{C58DA5D7-A8C2-4949-80F9-83884B0B82BC}.SingleImage|Any CPU.ActiveCfg = Release|Any CPU
		{C58DA5D7-A8C2-4949-80F9-83884B0B82BC}.SingleImage|Any CPU.Build.0 = Release|Any CPU
		{C58DA5D7-A8C2-4949-80F9-83884B0B82BC}.SingleImage|x86.ActiveCfg = Release|Any CPU
		{3D243B7C-DCFE-4BDC-8ADF-EF93DB171705}.CD_ROM|Any CPU.ActiveCfg = Release|Any CPU
		{3D243B7C-DCFE-4BDC-8ADF-EF93DB171705}.CD_ROM|Any CPU.Build.0 = Release|Any CPU
		{3D243B7C-DCFE-4BDC-8ADF-EF93DB171705}.CD_ROM|x86.ActiveCfg = Release|Any CPU
		{3D243B7C-DCFE-4BDC-8ADF-EF93DB171705}.Debug|Any CPU.ActiveCfg = Debug|Any CPU
		{3D243B7C-DCFE-4BDC-8ADF-EF93DB171705}.Debug|Any CPU.Build.0 = Debug|Any CPU
		{3D243B7C-DCFE-4BDC-8ADF-EF93DB171705}.Debug|x86.ActiveCfg = Debug|Any CPU
		{3D243B7C-DCFE-4BDC-8ADF-EF93DB171705}.Debug|x86.Build.0 = Debug|Any CPU
		{3D243B7C-DCFE-4BDC-8ADF-EF93DB171705}.DVD-5|Any CPU.ActiveCfg = Debug|Any CPU
		{3D243B7C-DCFE-4BDC-8ADF-EF93DB171705}.DVD-5|Any CPU.Build.0 = Debug|Any CPU
		{3D243B7C-DCFE-4BDC-8ADF-EF93DB171705}.DVD-5|x86.ActiveCfg = Debug|Any CPU
		{3D243B7C-DCFE-4BDC-8ADF-EF93DB171705}.Release|Any CPU.ActiveCfg = Release|Any CPU
		{3D243B7C-DCFE-4BDC-8ADF-EF93DB171705}.Release|Any CPU.Build.0 = Release|Any CPU
		{3D243B7C-DCFE-4BDC-8ADF-EF93DB171705}.Release|x86.ActiveCfg = Release|Any CPU
		{3D243B7C-DCFE-4BDC-8ADF-EF93DB171705}.SingleImage|Any CPU.ActiveCfg = Release|Any CPU
		{3D243B7C-DCFE-4BDC-8ADF-EF93DB171705}.SingleImage|Any CPU.Build.0 = Release|Any CPU
		{3D243B7C-DCFE-4BDC-8ADF-EF93DB171705}.SingleImage|x86.ActiveCfg = Release|Any CPU
		{8F3574DF-3D48-4E40-8C01-19BDA5016463}.CD_ROM|Any CPU.ActiveCfg = Release|Any CPU
		{8F3574DF-3D48-4E40-8C01-19BDA5016463}.CD_ROM|Any CPU.Build.0 = Release|Any CPU
		{8F3574DF-3D48-4E40-8C01-19BDA5016463}.CD_ROM|x86.ActiveCfg = Release|Any CPU
		{8F3574DF-3D48-4E40-8C01-19BDA5016463}.Debug|Any CPU.ActiveCfg = Debug|Any CPU
		{8F3574DF-3D48-4E40-8C01-19BDA5016463}.Debug|Any CPU.Build.0 = Debug|Any CPU
		{8F3574DF-3D48-4E40-8C01-19BDA5016463}.Debug|x86.ActiveCfg = Debug|Any CPU
		{8F3574DF-3D48-4E40-8C01-19BDA5016463}.Debug|x86.Build.0 = Debug|Any CPU
		{8F3574DF-3D48-4E40-8C01-19BDA5016463}.DVD-5|Any CPU.ActiveCfg = Debug|Any CPU
		{8F3574DF-3D48-4E40-8C01-19BDA5016463}.DVD-5|Any CPU.Build.0 = Debug|Any CPU
		{8F3574DF-3D48-4E40-8C01-19BDA5016463}.DVD-5|x86.ActiveCfg = Debug|Any CPU
		{8F3574DF-3D48-4E40-8C01-19BDA5016463}.Release|Any CPU.ActiveCfg = Release|Any CPU
		{8F3574DF-3D48-4E40-8C01-19BDA5016463}.Release|Any CPU.Build.0 = Release|Any CPU
		{8F3574DF-3D48-4E40-8C01-19BDA5016463}.Release|x86.ActiveCfg = Release|Any CPU
		{8F3574DF-3D48-4E40-8C01-19BDA5016463}.SingleImage|Any CPU.ActiveCfg = Release|Any CPU
		{8F3574DF-3D48-4E40-8C01-19BDA5016463}.SingleImage|Any CPU.Build.0 = Release|Any CPU
		{8F3574DF-3D48-4E40-8C01-19BDA5016463}.SingleImage|x86.ActiveCfg = Release|Any CPU
		{09D3290C-89ED-4D4E-9390-2ABC14E3BB8E}.CD_ROM|Any CPU.ActiveCfg = Release|Any CPU
		{09D3290C-89ED-4D4E-9390-2ABC14E3BB8E}.CD_ROM|Any CPU.Build.0 = Release|Any CPU
		{09D3290C-89ED-4D4E-9390-2ABC14E3BB8E}.CD_ROM|x86.ActiveCfg = Release|Any CPU
		{09D3290C-89ED-4D4E-9390-2ABC14E3BB8E}.Debug|Any CPU.ActiveCfg = Debug|Any CPU
		{09D3290C-89ED-4D4E-9390-2ABC14E3BB8E}.Debug|Any CPU.Build.0 = Debug|Any CPU
		{09D3290C-89ED-4D4E-9390-2ABC14E3BB8E}.Debug|x86.ActiveCfg = Debug|Any CPU
		{09D3290C-89ED-4D4E-9390-2ABC14E3BB8E}.Debug|x86.Build.0 = Debug|Any CPU
		{09D3290C-89ED-4D4E-9390-2ABC14E3BB8E}.DVD-5|Any CPU.ActiveCfg = Debug|Any CPU
		{09D3290C-89ED-4D4E-9390-2ABC14E3BB8E}.DVD-5|Any CPU.Build.0 = Debug|Any CPU
		{09D3290C-89ED-4D4E-9390-2ABC14E3BB8E}.DVD-5|x86.ActiveCfg = Debug|Any CPU
		{09D3290C-89ED-4D4E-9390-2ABC14E3BB8E}.Release|Any CPU.ActiveCfg = Release|Any CPU
		{09D3290C-89ED-4D4E-9390-2ABC14E3BB8E}.Release|Any CPU.Build.0 = Release|Any CPU
		{09D3290C-89ED-4D4E-9390-2ABC14E3BB8E}.Release|x86.ActiveCfg = Release|Any CPU
		{09D3290C-89ED-4D4E-9390-2ABC14E3BB8E}.SingleImage|Any CPU.ActiveCfg = Release|Any CPU
		{09D3290C-89ED-4D4E-9390-2ABC14E3BB8E}.SingleImage|Any CPU.Build.0 = Release|Any CPU
		{09D3290C-89ED-4D4E-9390-2ABC14E3BB8E}.SingleImage|x86.ActiveCfg = Release|Any CPU
		{FFE1B015-A91E-4AC2-88BC-20428FB23104}.CD_ROM|Any CPU.ActiveCfg = Release|Any CPU
		{FFE1B015-A91E-4AC2-88BC-20428FB23104}.CD_ROM|Any CPU.Build.0 = Release|Any CPU
		{FFE1B015-A91E-4AC2-88BC-20428FB23104}.CD_ROM|x86.ActiveCfg = Release|Any CPU
		{FFE1B015-A91E-4AC2-88BC-20428FB23104}.Debug|Any CPU.ActiveCfg = Debug|Any CPU
		{FFE1B015-A91E-4AC2-88BC-20428FB23104}.Debug|Any CPU.Build.0 = Debug|Any CPU
		{FFE1B015-A91E-4AC2-88BC-20428FB23104}.Debug|x86.ActiveCfg = Debug|Any CPU
		{FFE1B015-A91E-4AC2-88BC-20428FB23104}.Debug|x86.Build.0 = Debug|Any CPU
		{FFE1B015-A91E-4AC2-88BC-20428FB23104}.DVD-5|Any CPU.ActiveCfg = Debug|Any CPU
		{FFE1B015-A91E-4AC2-88BC-20428FB23104}.DVD-5|Any CPU.Build.0 = Debug|Any CPU
		{FFE1B015-A91E-4AC2-88BC-20428FB23104}.DVD-5|x86.ActiveCfg = Debug|Any CPU
		{FFE1B015-A91E-4AC2-88BC-20428FB23104}.Release|Any CPU.ActiveCfg = Release|Any CPU
		{FFE1B015-A91E-4AC2-88BC-20428FB23104}.Release|Any CPU.Build.0 = Release|Any CPU
		{FFE1B015-A91E-4AC2-88BC-20428FB23104}.Release|x86.ActiveCfg = Release|Any CPU
		{FFE1B015-A91E-4AC2-88BC-20428FB23104}.SingleImage|Any CPU.ActiveCfg = Release|Any CPU
		{FFE1B015-A91E-4AC2-88BC-20428FB23104}.SingleImage|Any CPU.Build.0 = Release|Any CPU
		{FFE1B015-A91E-4AC2-88BC-20428FB23104}.SingleImage|x86.ActiveCfg = Release|Any CPU
		{1097BD34-D984-4C78-9DCF-1E00BF8EA632}.CD_ROM|Any CPU.ActiveCfg = Release|Any CPU
		{1097BD34-D984-4C78-9DCF-1E00BF8EA632}.CD_ROM|Any CPU.Build.0 = Release|Any CPU
		{1097BD34-D984-4C78-9DCF-1E00BF8EA632}.CD_ROM|x86.ActiveCfg = Release|Any CPU
		{1097BD34-D984-4C78-9DCF-1E00BF8EA632}.Debug|Any CPU.ActiveCfg = Debug|Any CPU
		{1097BD34-D984-4C78-9DCF-1E00BF8EA632}.Debug|Any CPU.Build.0 = Debug|Any CPU
		{1097BD34-D984-4C78-9DCF-1E00BF8EA632}.Debug|x86.ActiveCfg = Debug|Any CPU
		{1097BD34-D984-4C78-9DCF-1E00BF8EA632}.Debug|x86.Build.0 = Debug|Any CPU
		{1097BD34-D984-4C78-9DCF-1E00BF8EA632}.DVD-5|Any CPU.ActiveCfg = Debug|Any CPU
		{1097BD34-D984-4C78-9DCF-1E00BF8EA632}.DVD-5|Any CPU.Build.0 = Debug|Any CPU
		{1097BD34-D984-4C78-9DCF-1E00BF8EA632}.DVD-5|x86.ActiveCfg = Debug|Any CPU
		{1097BD34-D984-4C78-9DCF-1E00BF8EA632}.Release|Any CPU.ActiveCfg = Release|Any CPU
		{1097BD34-D984-4C78-9DCF-1E00BF8EA632}.Release|Any CPU.Build.0 = Release|Any CPU
		{1097BD34-D984-4C78-9DCF-1E00BF8EA632}.Release|x86.ActiveCfg = Release|Any CPU
		{1097BD34-D984-4C78-9DCF-1E00BF8EA632}.SingleImage|Any CPU.ActiveCfg = Release|Any CPU
		{1097BD34-D984-4C78-9DCF-1E00BF8EA632}.SingleImage|Any CPU.Build.0 = Release|Any CPU
		{1097BD34-D984-4C78-9DCF-1E00BF8EA632}.SingleImage|x86.ActiveCfg = Release|Any CPU
		{F8646414-0C9C-49BB-9DA3-3923BF78A398}.CD_ROM|Any CPU.ActiveCfg = Release|Any CPU
		{F8646414-0C9C-49BB-9DA3-3923BF78A398}.CD_ROM|Any CPU.Build.0 = Release|Any CPU
		{F8646414-0C9C-49BB-9DA3-3923BF78A398}.CD_ROM|x86.ActiveCfg = Release|x86
		{F8646414-0C9C-49BB-9DA3-3923BF78A398}.CD_ROM|x86.Build.0 = Release|x86
		{F8646414-0C9C-49BB-9DA3-3923BF78A398}.Debug|Any CPU.ActiveCfg = Debug|Any CPU
		{F8646414-0C9C-49BB-9DA3-3923BF78A398}.Debug|Any CPU.Build.0 = Debug|Any CPU
		{F8646414-0C9C-49BB-9DA3-3923BF78A398}.Debug|x86.ActiveCfg = Debug|x86
		{F8646414-0C9C-49BB-9DA3-3923BF78A398}.Debug|x86.Build.0 = Debug|x86
		{F8646414-0C9C-49BB-9DA3-3923BF78A398}.DVD-5|Any CPU.ActiveCfg = Debug|Any CPU
		{F8646414-0C9C-49BB-9DA3-3923BF78A398}.DVD-5|Any CPU.Build.0 = Debug|Any CPU
		{F8646414-0C9C-49BB-9DA3-3923BF78A398}.DVD-5|x86.ActiveCfg = Debug|x86
		{F8646414-0C9C-49BB-9DA3-3923BF78A398}.DVD-5|x86.Build.0 = Debug|x86
		{F8646414-0C9C-49BB-9DA3-3923BF78A398}.Release|Any CPU.ActiveCfg = Release|Any CPU
		{F8646414-0C9C-49BB-9DA3-3923BF78A398}.Release|Any CPU.Build.0 = Release|Any CPU
		{F8646414-0C9C-49BB-9DA3-3923BF78A398}.Release|x86.ActiveCfg = Release|x86
		{F8646414-0C9C-49BB-9DA3-3923BF78A398}.Release|x86.Build.0 = Release|x86
		{F8646414-0C9C-49BB-9DA3-3923BF78A398}.SingleImage|Any CPU.ActiveCfg = Release|Any CPU
		{F8646414-0C9C-49BB-9DA3-3923BF78A398}.SingleImage|Any CPU.Build.0 = Release|Any CPU
		{F8646414-0C9C-49BB-9DA3-3923BF78A398}.SingleImage|x86.ActiveCfg = Release|x86
		{F8646414-0C9C-49BB-9DA3-3923BF78A398}.SingleImage|x86.Build.0 = Release|x86
		{12F14118-E740-455B-9EED-155F84992DB6}.CD_ROM|Any CPU.ActiveCfg = Release|Any CPU
		{12F14118-E740-455B-9EED-155F84992DB6}.CD_ROM|Any CPU.Build.0 = Release|Any CPU
		{12F14118-E740-455B-9EED-155F84992DB6}.CD_ROM|x86.ActiveCfg = Release|Any CPU
		{12F14118-E740-455B-9EED-155F84992DB6}.Debug|Any CPU.ActiveCfg = Debug|Any CPU
		{12F14118-E740-455B-9EED-155F84992DB6}.Debug|Any CPU.Build.0 = Debug|Any CPU
		{12F14118-E740-455B-9EED-155F84992DB6}.Debug|x86.ActiveCfg = Debug|Any CPU
		{12F14118-E740-455B-9EED-155F84992DB6}.Debug|x86.Build.0 = Debug|Any CPU
		{12F14118-E740-455B-9EED-155F84992DB6}.DVD-5|Any CPU.ActiveCfg = Debug|Any CPU
		{12F14118-E740-455B-9EED-155F84992DB6}.DVD-5|Any CPU.Build.0 = Debug|Any CPU
		{12F14118-E740-455B-9EED-155F84992DB6}.DVD-5|x86.ActiveCfg = Debug|Any CPU
		{12F14118-E740-455B-9EED-155F84992DB6}.Release|Any CPU.ActiveCfg = Release|Any CPU
		{12F14118-E740-455B-9EED-155F84992DB6}.Release|Any CPU.Build.0 = Release|Any CPU
		{12F14118-E740-455B-9EED-155F84992DB6}.Release|x86.ActiveCfg = Release|Any CPU
		{12F14118-E740-455B-9EED-155F84992DB6}.SingleImage|Any CPU.ActiveCfg = Release|Any CPU
		{12F14118-E740-455B-9EED-155F84992DB6}.SingleImage|Any CPU.Build.0 = Release|Any CPU
		{12F14118-E740-455B-9EED-155F84992DB6}.SingleImage|x86.ActiveCfg = Release|Any CPU
		{F2F84E44-CF83-4390-9DA9-AE90A52CEFD4}.CD_ROM|Any CPU.ActiveCfg = Release|Any CPU
		{F2F84E44-CF83-4390-9DA9-AE90A52CEFD4}.CD_ROM|Any CPU.Build.0 = Release|Any CPU
		{F2F84E44-CF83-4390-9DA9-AE90A52CEFD4}.CD_ROM|x86.ActiveCfg = Release|Any CPU
		{F2F84E44-CF83-4390-9DA9-AE90A52CEFD4}.Debug|Any CPU.ActiveCfg = Debug|Any CPU
		{F2F84E44-CF83-4390-9DA9-AE90A52CEFD4}.Debug|Any CPU.Build.0 = Debug|Any CPU
		{F2F84E44-CF83-4390-9DA9-AE90A52CEFD4}.Debug|x86.ActiveCfg = Debug|Any CPU
		{F2F84E44-CF83-4390-9DA9-AE90A52CEFD4}.Debug|x86.Build.0 = Debug|Any CPU
		{F2F84E44-CF83-4390-9DA9-AE90A52CEFD4}.DVD-5|Any CPU.ActiveCfg = Debug|Any CPU
		{F2F84E44-CF83-4390-9DA9-AE90A52CEFD4}.DVD-5|Any CPU.Build.0 = Debug|Any CPU
		{F2F84E44-CF83-4390-9DA9-AE90A52CEFD4}.DVD-5|x86.ActiveCfg = Debug|Any CPU
		{F2F84E44-CF83-4390-9DA9-AE90A52CEFD4}.Release|Any CPU.ActiveCfg = Release|Any CPU
		{F2F84E44-CF83-4390-9DA9-AE90A52CEFD4}.Release|Any CPU.Build.0 = Release|Any CPU
		{F2F84E44-CF83-4390-9DA9-AE90A52CEFD4}.Release|x86.ActiveCfg = Release|Any CPU
		{F2F84E44-CF83-4390-9DA9-AE90A52CEFD4}.SingleImage|Any CPU.ActiveCfg = Release|Any CPU
		{F2F84E44-CF83-4390-9DA9-AE90A52CEFD4}.SingleImage|Any CPU.Build.0 = Release|Any CPU
		{F2F84E44-CF83-4390-9DA9-AE90A52CEFD4}.SingleImage|x86.ActiveCfg = Release|Any CPU
		{3ECFF75D-4C34-43C6-A8B8-6F41C2379045}.CD_ROM|Any CPU.ActiveCfg = Release|Any CPU
		{3ECFF75D-4C34-43C6-A8B8-6F41C2379045}.CD_ROM|Any CPU.Build.0 = Release|Any CPU
		{3ECFF75D-4C34-43C6-A8B8-6F41C2379045}.CD_ROM|x86.ActiveCfg = Release|Any CPU
		{3ECFF75D-4C34-43C6-A8B8-6F41C2379045}.Debug|Any CPU.ActiveCfg = Debug|Any CPU
		{3ECFF75D-4C34-43C6-A8B8-6F41C2379045}.Debug|Any CPU.Build.0 = Debug|Any CPU
		{3ECFF75D-4C34-43C6-A8B8-6F41C2379045}.Debug|x86.ActiveCfg = Debug|Any CPU
		{3ECFF75D-4C34-43C6-A8B8-6F41C2379045}.Debug|x86.Build.0 = Debug|Any CPU
		{3ECFF75D-4C34-43C6-A8B8-6F41C2379045}.DVD-5|Any CPU.ActiveCfg = Debug|Any CPU
		{3ECFF75D-4C34-43C6-A8B8-6F41C2379045}.DVD-5|Any CPU.Build.0 = Debug|Any CPU
		{3ECFF75D-4C34-43C6-A8B8-6F41C2379045}.DVD-5|x86.ActiveCfg = Debug|Any CPU
		{3ECFF75D-4C34-43C6-A8B8-6F41C2379045}.Release|Any CPU.ActiveCfg = Release|Any CPU
		{3ECFF75D-4C34-43C6-A8B8-6F41C2379045}.Release|Any CPU.Build.0 = Release|Any CPU
		{3ECFF75D-4C34-43C6-A8B8-6F41C2379045}.Release|x86.ActiveCfg = Release|Any CPU
		{3ECFF75D-4C34-43C6-A8B8-6F41C2379045}.SingleImage|Any CPU.ActiveCfg = Release|Any CPU
		{3ECFF75D-4C34-43C6-A8B8-6F41C2379045}.SingleImage|Any CPU.Build.0 = Release|Any CPU
		{3ECFF75D-4C34-43C6-A8B8-6F41C2379045}.SingleImage|x86.ActiveCfg = Release|Any CPU
		{0912B9D0-B6CC-4119-AECA-765B33EA518A}.CD_ROM|Any CPU.ActiveCfg = Release|Any CPU
		{0912B9D0-B6CC-4119-AECA-765B33EA518A}.CD_ROM|Any CPU.Build.0 = Release|Any CPU
		{0912B9D0-B6CC-4119-AECA-765B33EA518A}.CD_ROM|x86.ActiveCfg = Release|Any CPU
		{0912B9D0-B6CC-4119-AECA-765B33EA518A}.Debug|Any CPU.ActiveCfg = Debug|Any CPU
		{0912B9D0-B6CC-4119-AECA-765B33EA518A}.Debug|Any CPU.Build.0 = Debug|Any CPU
		{0912B9D0-B6CC-4119-AECA-765B33EA518A}.Debug|x86.ActiveCfg = Debug|Any CPU
		{0912B9D0-B6CC-4119-AECA-765B33EA518A}.Debug|x86.Build.0 = Debug|Any CPU
		{0912B9D0-B6CC-4119-AECA-765B33EA518A}.DVD-5|Any CPU.ActiveCfg = Debug|Any CPU
		{0912B9D0-B6CC-4119-AECA-765B33EA518A}.DVD-5|Any CPU.Build.0 = Debug|Any CPU
		{0912B9D0-B6CC-4119-AECA-765B33EA518A}.DVD-5|x86.ActiveCfg = Debug|Any CPU
		{0912B9D0-B6CC-4119-AECA-765B33EA518A}.Release|Any CPU.ActiveCfg = Release|Any CPU
		{0912B9D0-B6CC-4119-AECA-765B33EA518A}.Release|Any CPU.Build.0 = Release|Any CPU
		{0912B9D0-B6CC-4119-AECA-765B33EA518A}.Release|x86.ActiveCfg = Release|Any CPU
		{0912B9D0-B6CC-4119-AECA-765B33EA518A}.SingleImage|Any CPU.ActiveCfg = Release|Any CPU
		{0912B9D0-B6CC-4119-AECA-765B33EA518A}.SingleImage|Any CPU.Build.0 = Release|Any CPU
		{0912B9D0-B6CC-4119-AECA-765B33EA518A}.SingleImage|x86.ActiveCfg = Release|Any CPU
		{96600FA1-6E38-45CA-AA7C-E4EC3364CAEA}.CD_ROM|Any CPU.ActiveCfg = Release|Any CPU
		{96600FA1-6E38-45CA-AA7C-E4EC3364CAEA}.CD_ROM|Any CPU.Build.0 = Release|Any CPU
		{96600FA1-6E38-45CA-AA7C-E4EC3364CAEA}.CD_ROM|x86.ActiveCfg = Release|Any CPU
		{96600FA1-6E38-45CA-AA7C-E4EC3364CAEA}.Debug|Any CPU.ActiveCfg = Debug|Any CPU
		{96600FA1-6E38-45CA-AA7C-E4EC3364CAEA}.Debug|Any CPU.Build.0 = Debug|Any CPU
		{96600FA1-6E38-45CA-AA7C-E4EC3364CAEA}.Debug|x86.ActiveCfg = Debug|Any CPU
		{96600FA1-6E38-45CA-AA7C-E4EC3364CAEA}.Debug|x86.Build.0 = Debug|Any CPU
		{96600FA1-6E38-45CA-AA7C-E4EC3364CAEA}.DVD-5|Any CPU.ActiveCfg = Debug|Any CPU
		{96600FA1-6E38-45CA-AA7C-E4EC3364CAEA}.DVD-5|Any CPU.Build.0 = Debug|Any CPU
		{96600FA1-6E38-45CA-AA7C-E4EC3364CAEA}.DVD-5|x86.ActiveCfg = Debug|Any CPU
		{96600FA1-6E38-45CA-AA7C-E4EC3364CAEA}.Release|Any CPU.ActiveCfg = Release|Any CPU
		{96600FA1-6E38-45CA-AA7C-E4EC3364CAEA}.Release|Any CPU.Build.0 = Release|Any CPU
		{96600FA1-6E38-45CA-AA7C-E4EC3364CAEA}.Release|x86.ActiveCfg = Release|Any CPU
		{96600FA1-6E38-45CA-AA7C-E4EC3364CAEA}.SingleImage|Any CPU.ActiveCfg = Release|Any CPU
		{96600FA1-6E38-45CA-AA7C-E4EC3364CAEA}.SingleImage|Any CPU.Build.0 = Release|Any CPU
		{96600FA1-6E38-45CA-AA7C-E4EC3364CAEA}.SingleImage|x86.ActiveCfg = Release|Any CPU
		{13601C14-227D-493E-818C-36356FB1B197}.CD_ROM|Any CPU.ActiveCfg = Release|Any CPU
		{13601C14-227D-493E-818C-36356FB1B197}.CD_ROM|Any CPU.Build.0 = Release|Any CPU
		{13601C14-227D-493E-818C-36356FB1B197}.CD_ROM|x86.ActiveCfg = Release|Any CPU
		{13601C14-227D-493E-818C-36356FB1B197}.Debug|Any CPU.ActiveCfg = Debug|Any CPU
		{13601C14-227D-493E-818C-36356FB1B197}.Debug|Any CPU.Build.0 = Debug|Any CPU
		{13601C14-227D-493E-818C-36356FB1B197}.Debug|x86.ActiveCfg = Debug|Any CPU
		{13601C14-227D-493E-818C-36356FB1B197}.Debug|x86.Build.0 = Debug|Any CPU
		{13601C14-227D-493E-818C-36356FB1B197}.DVD-5|Any CPU.ActiveCfg = Debug|Any CPU
		{13601C14-227D-493E-818C-36356FB1B197}.DVD-5|Any CPU.Build.0 = Debug|Any CPU
		{13601C14-227D-493E-818C-36356FB1B197}.DVD-5|x86.ActiveCfg = Debug|Any CPU
		{13601C14-227D-493E-818C-36356FB1B197}.Release|Any CPU.ActiveCfg = Release|Any CPU
		{13601C14-227D-493E-818C-36356FB1B197}.Release|Any CPU.Build.0 = Release|Any CPU
		{13601C14-227D-493E-818C-36356FB1B197}.Release|x86.ActiveCfg = Release|Any CPU
		{13601C14-227D-493E-818C-36356FB1B197}.SingleImage|Any CPU.ActiveCfg = Release|Any CPU
		{13601C14-227D-493E-818C-36356FB1B197}.SingleImage|Any CPU.Build.0 = Release|Any CPU
		{13601C14-227D-493E-818C-36356FB1B197}.SingleImage|x86.ActiveCfg = Release|Any CPU
		{D54EAD4E-0069-4C92-8E72-14554BC1A008}.CD_ROM|Any CPU.ActiveCfg = Release|Any CPU
		{D54EAD4E-0069-4C92-8E72-14554BC1A008}.CD_ROM|Any CPU.Build.0 = Release|Any CPU
		{D54EAD4E-0069-4C92-8E72-14554BC1A008}.CD_ROM|x86.ActiveCfg = Release|Any CPU
		{D54EAD4E-0069-4C92-8E72-14554BC1A008}.Debug|Any CPU.ActiveCfg = Debug|Any CPU
		{D54EAD4E-0069-4C92-8E72-14554BC1A008}.Debug|Any CPU.Build.0 = Debug|Any CPU
		{D54EAD4E-0069-4C92-8E72-14554BC1A008}.Debug|x86.ActiveCfg = Debug|Any CPU
		{D54EAD4E-0069-4C92-8E72-14554BC1A008}.Debug|x86.Build.0 = Debug|Any CPU
		{D54EAD4E-0069-4C92-8E72-14554BC1A008}.DVD-5|Any CPU.ActiveCfg = Debug|Any CPU
		{D54EAD4E-0069-4C92-8E72-14554BC1A008}.DVD-5|Any CPU.Build.0 = Debug|Any CPU
		{D54EAD4E-0069-4C92-8E72-14554BC1A008}.DVD-5|x86.ActiveCfg = Debug|Any CPU
		{D54EAD4E-0069-4C92-8E72-14554BC1A008}.Release|Any CPU.ActiveCfg = Release|Any CPU
		{D54EAD4E-0069-4C92-8E72-14554BC1A008}.Release|Any CPU.Build.0 = Release|Any CPU
		{D54EAD4E-0069-4C92-8E72-14554BC1A008}.Release|x86.ActiveCfg = Release|Any CPU
		{D54EAD4E-0069-4C92-8E72-14554BC1A008}.SingleImage|Any CPU.ActiveCfg = Release|Any CPU
		{D54EAD4E-0069-4C92-8E72-14554BC1A008}.SingleImage|Any CPU.Build.0 = Release|Any CPU
		{D54EAD4E-0069-4C92-8E72-14554BC1A008}.SingleImage|x86.ActiveCfg = Release|Any CPU
		{E6052609-A070-41D5-85B9-ACABA91170C5}.CD_ROM|Any CPU.ActiveCfg = Release|Any CPU
		{E6052609-A070-41D5-85B9-ACABA91170C5}.CD_ROM|Any CPU.Build.0 = Release|Any CPU
		{E6052609-A070-41D5-85B9-ACABA91170C5}.CD_ROM|x86.ActiveCfg = Release|Any CPU
		{E6052609-A070-41D5-85B9-ACABA91170C5}.Debug|Any CPU.ActiveCfg = Debug|Any CPU
		{E6052609-A070-41D5-85B9-ACABA91170C5}.Debug|Any CPU.Build.0 = Debug|Any CPU
		{E6052609-A070-41D5-85B9-ACABA91170C5}.Debug|x86.ActiveCfg = Debug|Any CPU
		{E6052609-A070-41D5-85B9-ACABA91170C5}.Debug|x86.Build.0 = Debug|Any CPU
		{E6052609-A070-41D5-85B9-ACABA91170C5}.DVD-5|Any CPU.ActiveCfg = Debug|Any CPU
		{E6052609-A070-41D5-85B9-ACABA91170C5}.DVD-5|Any CPU.Build.0 = Debug|Any CPU
		{E6052609-A070-41D5-85B9-ACABA91170C5}.DVD-5|x86.ActiveCfg = Debug|Any CPU
		{E6052609-A070-41D5-85B9-ACABA91170C5}.Release|Any CPU.ActiveCfg = Release|Any CPU
		{E6052609-A070-41D5-85B9-ACABA91170C5}.Release|Any CPU.Build.0 = Release|Any CPU
		{E6052609-A070-41D5-85B9-ACABA91170C5}.Release|x86.ActiveCfg = Release|Any CPU
		{E6052609-A070-41D5-85B9-ACABA91170C5}.SingleImage|Any CPU.ActiveCfg = Release|Any CPU
		{E6052609-A070-41D5-85B9-ACABA91170C5}.SingleImage|Any CPU.Build.0 = Release|Any CPU
		{E6052609-A070-41D5-85B9-ACABA91170C5}.SingleImage|x86.ActiveCfg = Release|Any CPU
		{6DA6F7DB-5916-4D3B-93A1-35597E40F209}.CD_ROM|Any CPU.ActiveCfg = Release|Any CPU
		{6DA6F7DB-5916-4D3B-93A1-35597E40F209}.CD_ROM|Any CPU.Build.0 = Release|Any CPU
		{6DA6F7DB-5916-4D3B-93A1-35597E40F209}.CD_ROM|x86.ActiveCfg = Release|Any CPU
		{6DA6F7DB-5916-4D3B-93A1-35597E40F209}.Debug|Any CPU.ActiveCfg = Debug|Any CPU
		{6DA6F7DB-5916-4D3B-93A1-35597E40F209}.Debug|Any CPU.Build.0 = Debug|Any CPU
		{6DA6F7DB-5916-4D3B-93A1-35597E40F209}.Debug|x86.ActiveCfg = Debug|Any CPU
		{6DA6F7DB-5916-4D3B-93A1-35597E40F209}.Debug|x86.Build.0 = Debug|Any CPU
		{6DA6F7DB-5916-4D3B-93A1-35597E40F209}.DVD-5|Any CPU.ActiveCfg = Debug|Any CPU
		{6DA6F7DB-5916-4D3B-93A1-35597E40F209}.DVD-5|Any CPU.Build.0 = Debug|Any CPU
		{6DA6F7DB-5916-4D3B-93A1-35597E40F209}.DVD-5|x86.ActiveCfg = Debug|Any CPU
		{6DA6F7DB-5916-4D3B-93A1-35597E40F209}.Release|Any CPU.ActiveCfg = Release|Any CPU
		{6DA6F7DB-5916-4D3B-93A1-35597E40F209}.Release|Any CPU.Build.0 = Release|Any CPU
		{6DA6F7DB-5916-4D3B-93A1-35597E40F209}.Release|x86.ActiveCfg = Release|Any CPU
		{6DA6F7DB-5916-4D3B-93A1-35597E40F209}.SingleImage|Any CPU.ActiveCfg = Release|Any CPU
		{6DA6F7DB-5916-4D3B-93A1-35597E40F209}.SingleImage|Any CPU.Build.0 = Release|Any CPU
		{6DA6F7DB-5916-4D3B-93A1-35597E40F209}.SingleImage|x86.ActiveCfg = Release|Any CPU
		{858E5492-BABC-44C5-A095-01B763A12A87}.CD_ROM|Any CPU.ActiveCfg = Release|Any CPU
		{858E5492-BABC-44C5-A095-01B763A12A87}.CD_ROM|Any CPU.Build.0 = Release|Any CPU
		{858E5492-BABC-44C5-A095-01B763A12A87}.CD_ROM|x86.ActiveCfg = Release|Any CPU
		{858E5492-BABC-44C5-A095-01B763A12A87}.Debug|Any CPU.ActiveCfg = Debug|Any CPU
		{858E5492-BABC-44C5-A095-01B763A12A87}.Debug|Any CPU.Build.0 = Debug|Any CPU
		{858E5492-BABC-44C5-A095-01B763A12A87}.Debug|x86.ActiveCfg = Debug|Any CPU
		{858E5492-BABC-44C5-A095-01B763A12A87}.Debug|x86.Build.0 = Debug|Any CPU
		{858E5492-BABC-44C5-A095-01B763A12A87}.DVD-5|Any CPU.ActiveCfg = Debug|Any CPU
		{858E5492-BABC-44C5-A095-01B763A12A87}.DVD-5|Any CPU.Build.0 = Debug|Any CPU
		{858E5492-BABC-44C5-A095-01B763A12A87}.DVD-5|x86.ActiveCfg = Debug|Any CPU
		{858E5492-BABC-44C5-A095-01B763A12A87}.Release|Any CPU.ActiveCfg = Release|Any CPU
		{858E5492-BABC-44C5-A095-01B763A12A87}.Release|Any CPU.Build.0 = Release|Any CPU
		{858E5492-BABC-44C5-A095-01B763A12A87}.Release|x86.ActiveCfg = Release|Any CPU
		{858E5492-BABC-44C5-A095-01B763A12A87}.SingleImage|Any CPU.ActiveCfg = Release|Any CPU
		{858E5492-BABC-44C5-A095-01B763A12A87}.SingleImage|Any CPU.Build.0 = Release|Any CPU
		{858E5492-BABC-44C5-A095-01B763A12A87}.SingleImage|x86.ActiveCfg = Release|Any CPU
		{3DA5D631-16F3-4733-9FE0-71EEB24CD493}.CD_ROM|Any CPU.ActiveCfg = Release|Any CPU
		{3DA5D631-16F3-4733-9FE0-71EEB24CD493}.CD_ROM|Any CPU.Build.0 = Release|Any CPU
		{3DA5D631-16F3-4733-9FE0-71EEB24CD493}.CD_ROM|x86.ActiveCfg = Release|Any CPU
		{3DA5D631-16F3-4733-9FE0-71EEB24CD493}.Debug|Any CPU.ActiveCfg = Debug|Any CPU
		{3DA5D631-16F3-4733-9FE0-71EEB24CD493}.Debug|Any CPU.Build.0 = Debug|Any CPU
		{3DA5D631-16F3-4733-9FE0-71EEB24CD493}.Debug|x86.ActiveCfg = Debug|Any CPU
		{3DA5D631-16F3-4733-9FE0-71EEB24CD493}.Debug|x86.Build.0 = Debug|Any CPU
		{3DA5D631-16F3-4733-9FE0-71EEB24CD493}.DVD-5|Any CPU.ActiveCfg = Debug|Any CPU
		{3DA5D631-16F3-4733-9FE0-71EEB24CD493}.DVD-5|Any CPU.Build.0 = Debug|Any CPU
		{3DA5D631-16F3-4733-9FE0-71EEB24CD493}.DVD-5|x86.ActiveCfg = Debug|Any CPU
		{3DA5D631-16F3-4733-9FE0-71EEB24CD493}.Release|Any CPU.ActiveCfg = Release|Any CPU
		{3DA5D631-16F3-4733-9FE0-71EEB24CD493}.Release|Any CPU.Build.0 = Release|Any CPU
		{3DA5D631-16F3-4733-9FE0-71EEB24CD493}.Release|x86.ActiveCfg = Release|Any CPU
		{3DA5D631-16F3-4733-9FE0-71EEB24CD493}.SingleImage|Any CPU.ActiveCfg = Release|Any CPU
		{3DA5D631-16F3-4733-9FE0-71EEB24CD493}.SingleImage|Any CPU.Build.0 = Release|Any CPU
		{3DA5D631-16F3-4733-9FE0-71EEB24CD493}.SingleImage|x86.ActiveCfg = Release|Any CPU
		{7CF59281-C9BA-47CA-B049-644F55E86D36}.CD_ROM|Any CPU.ActiveCfg = Release|Any CPU
		{7CF59281-C9BA-47CA-B049-644F55E86D36}.CD_ROM|Any CPU.Build.0 = Release|Any CPU
		{7CF59281-C9BA-47CA-B049-644F55E86D36}.CD_ROM|x86.ActiveCfg = Release|Any CPU
		{7CF59281-C9BA-47CA-B049-644F55E86D36}.Debug|Any CPU.ActiveCfg = Debug|Any CPU
		{7CF59281-C9BA-47CA-B049-644F55E86D36}.Debug|Any CPU.Build.0 = Debug|Any CPU
		{7CF59281-C9BA-47CA-B049-644F55E86D36}.Debug|x86.ActiveCfg = Debug|Any CPU
		{7CF59281-C9BA-47CA-B049-644F55E86D36}.Debug|x86.Build.0 = Debug|Any CPU
		{7CF59281-C9BA-47CA-B049-644F55E86D36}.DVD-5|Any CPU.ActiveCfg = Debug|Any CPU
		{7CF59281-C9BA-47CA-B049-644F55E86D36}.DVD-5|Any CPU.Build.0 = Debug|Any CPU
		{7CF59281-C9BA-47CA-B049-644F55E86D36}.DVD-5|x86.ActiveCfg = Debug|Any CPU
		{7CF59281-C9BA-47CA-B049-644F55E86D36}.Release|Any CPU.ActiveCfg = Release|Any CPU
		{7CF59281-C9BA-47CA-B049-644F55E86D36}.Release|Any CPU.Build.0 = Release|Any CPU
		{7CF59281-C9BA-47CA-B049-644F55E86D36}.Release|x86.ActiveCfg = Release|Any CPU
		{7CF59281-C9BA-47CA-B049-644F55E86D36}.SingleImage|Any CPU.ActiveCfg = Release|Any CPU
		{7CF59281-C9BA-47CA-B049-644F55E86D36}.SingleImage|Any CPU.Build.0 = Release|Any CPU
		{7CF59281-C9BA-47CA-B049-644F55E86D36}.SingleImage|x86.ActiveCfg = Release|Any CPU
		{76A1C880-1E39-47F2-BCBB-250495484431}.CD_ROM|Any CPU.ActiveCfg = Release|Any CPU
		{76A1C880-1E39-47F2-BCBB-250495484431}.CD_ROM|Any CPU.Build.0 = Release|Any CPU
		{76A1C880-1E39-47F2-BCBB-250495484431}.CD_ROM|x86.ActiveCfg = Release|Any CPU
		{76A1C880-1E39-47F2-BCBB-250495484431}.Debug|Any CPU.ActiveCfg = Debug|Any CPU
		{76A1C880-1E39-47F2-BCBB-250495484431}.Debug|Any CPU.Build.0 = Debug|Any CPU
		{76A1C880-1E39-47F2-BCBB-250495484431}.Debug|x86.ActiveCfg = Debug|Any CPU
		{76A1C880-1E39-47F2-BCBB-250495484431}.Debug|x86.Build.0 = Debug|Any CPU
		{76A1C880-1E39-47F2-BCBB-250495484431}.DVD-5|Any CPU.ActiveCfg = Debug|Any CPU
		{76A1C880-1E39-47F2-BCBB-250495484431}.DVD-5|Any CPU.Build.0 = Debug|Any CPU
		{76A1C880-1E39-47F2-BCBB-250495484431}.DVD-5|x86.ActiveCfg = Debug|Any CPU
		{76A1C880-1E39-47F2-BCBB-250495484431}.Release|Any CPU.ActiveCfg = Release|Any CPU
		{76A1C880-1E39-47F2-BCBB-250495484431}.Release|Any CPU.Build.0 = Release|Any CPU
		{76A1C880-1E39-47F2-BCBB-250495484431}.Release|x86.ActiveCfg = Release|Any CPU
		{76A1C880-1E39-47F2-BCBB-250495484431}.SingleImage|Any CPU.ActiveCfg = Release|Any CPU
		{76A1C880-1E39-47F2-BCBB-250495484431}.SingleImage|Any CPU.Build.0 = Release|Any CPU
		{76A1C880-1E39-47F2-BCBB-250495484431}.SingleImage|x86.ActiveCfg = Release|Any CPU
		{C5D353B2-21A1-4360-A0EA-034AD0030181}.CD_ROM|Any CPU.ActiveCfg = Release|Any CPU
		{C5D353B2-21A1-4360-A0EA-034AD0030181}.CD_ROM|Any CPU.Build.0 = Release|Any CPU
		{C5D353B2-21A1-4360-A0EA-034AD0030181}.CD_ROM|x86.ActiveCfg = Release|Any CPU
		{C5D353B2-21A1-4360-A0EA-034AD0030181}.Debug|Any CPU.ActiveCfg = Debug|Any CPU
		{C5D353B2-21A1-4360-A0EA-034AD0030181}.Debug|Any CPU.Build.0 = Debug|Any CPU
		{C5D353B2-21A1-4360-A0EA-034AD0030181}.Debug|x86.ActiveCfg = Debug|Any CPU
		{C5D353B2-21A1-4360-A0EA-034AD0030181}.Debug|x86.Build.0 = Debug|Any CPU
		{C5D353B2-21A1-4360-A0EA-034AD0030181}.DVD-5|Any CPU.ActiveCfg = Debug|Any CPU
		{C5D353B2-21A1-4360-A0EA-034AD0030181}.DVD-5|Any CPU.Build.0 = Debug|Any CPU
		{C5D353B2-21A1-4360-A0EA-034AD0030181}.DVD-5|x86.ActiveCfg = Debug|Any CPU
		{C5D353B2-21A1-4360-A0EA-034AD0030181}.Release|Any CPU.ActiveCfg = Release|Any CPU
		{C5D353B2-21A1-4360-A0EA-034AD0030181}.Release|Any CPU.Build.0 = Release|Any CPU
		{C5D353B2-21A1-4360-A0EA-034AD0030181}.Release|x86.ActiveCfg = Release|Any CPU
		{C5D353B2-21A1-4360-A0EA-034AD0030181}.SingleImage|Any CPU.ActiveCfg = Release|Any CPU
		{C5D353B2-21A1-4360-A0EA-034AD0030181}.SingleImage|Any CPU.Build.0 = Release|Any CPU
		{C5D353B2-21A1-4360-A0EA-034AD0030181}.SingleImage|x86.ActiveCfg = Release|Any CPU
		{53E4FFEE-D361-4649-B35F-7805201C760B}.CD_ROM|Any CPU.ActiveCfg = CD_ROM
		{53E4FFEE-D361-4649-B35F-7805201C760B}.CD_ROM|Any CPU.Build.0 = CD_ROM
		{53E4FFEE-D361-4649-B35F-7805201C760B}.CD_ROM|x86.ActiveCfg = CD_ROM
		{53E4FFEE-D361-4649-B35F-7805201C760B}.CD_ROM|x86.Build.0 = CD_ROM
		{53E4FFEE-D361-4649-B35F-7805201C760B}.Debug|Any CPU.ActiveCfg = SingleImage
		{53E4FFEE-D361-4649-B35F-7805201C760B}.Debug|Any CPU.Build.0 = SingleImage
		{53E4FFEE-D361-4649-B35F-7805201C760B}.Debug|x86.ActiveCfg = DVD-5
		{53E4FFEE-D361-4649-B35F-7805201C760B}.Debug|x86.Build.0 = DVD-5
		{53E4FFEE-D361-4649-B35F-7805201C760B}.DVD-5|Any CPU.ActiveCfg = DVD-5
		{53E4FFEE-D361-4649-B35F-7805201C760B}.DVD-5|Any CPU.Build.0 = DVD-5
		{53E4FFEE-D361-4649-B35F-7805201C760B}.DVD-5|x86.ActiveCfg = DVD-5
		{53E4FFEE-D361-4649-B35F-7805201C760B}.DVD-5|x86.Build.0 = DVD-5
		{53E4FFEE-D361-4649-B35F-7805201C760B}.Release|Any CPU.ActiveCfg = SingleImage
		{53E4FFEE-D361-4649-B35F-7805201C760B}.Release|Any CPU.Build.0 = SingleImage
		{53E4FFEE-D361-4649-B35F-7805201C760B}.Release|x86.ActiveCfg = SingleImage
		{53E4FFEE-D361-4649-B35F-7805201C760B}.Release|x86.Build.0 = SingleImage
		{53E4FFEE-D361-4649-B35F-7805201C760B}.SingleImage|Any CPU.ActiveCfg = SingleImage
		{53E4FFEE-D361-4649-B35F-7805201C760B}.SingleImage|Any CPU.Build.0 = SingleImage
		{53E4FFEE-D361-4649-B35F-7805201C760B}.SingleImage|x86.ActiveCfg = SingleImage
		{53E4FFEE-D361-4649-B35F-7805201C760B}.SingleImage|x86.Build.0 = SingleImage
		{2FF27EF0-EF85-4266-BDEB-3B546CF7547F}.CD_ROM|Any CPU.ActiveCfg = CD_ROM
		{2FF27EF0-EF85-4266-BDEB-3B546CF7547F}.CD_ROM|Any CPU.Build.0 = CD_ROM
		{2FF27EF0-EF85-4266-BDEB-3B546CF7547F}.CD_ROM|x86.ActiveCfg = CD_ROM
		{2FF27EF0-EF85-4266-BDEB-3B546CF7547F}.CD_ROM|x86.Build.0 = CD_ROM
		{2FF27EF0-EF85-4266-BDEB-3B546CF7547F}.Debug|Any CPU.ActiveCfg = SingleImage
		{2FF27EF0-EF85-4266-BDEB-3B546CF7547F}.Debug|Any CPU.Build.0 = SingleImage
		{2FF27EF0-EF85-4266-BDEB-3B546CF7547F}.Debug|x86.ActiveCfg = DVD-5
		{2FF27EF0-EF85-4266-BDEB-3B546CF7547F}.Debug|x86.Build.0 = DVD-5
		{2FF27EF0-EF85-4266-BDEB-3B546CF7547F}.DVD-5|Any CPU.ActiveCfg = DVD-5
		{2FF27EF0-EF85-4266-BDEB-3B546CF7547F}.DVD-5|Any CPU.Build.0 = DVD-5
		{2FF27EF0-EF85-4266-BDEB-3B546CF7547F}.DVD-5|x86.ActiveCfg = DVD-5
		{2FF27EF0-EF85-4266-BDEB-3B546CF7547F}.DVD-5|x86.Build.0 = DVD-5
		{2FF27EF0-EF85-4266-BDEB-3B546CF7547F}.Release|Any CPU.ActiveCfg = SingleImage
		{2FF27EF0-EF85-4266-BDEB-3B546CF7547F}.Release|Any CPU.Build.0 = SingleImage
		{2FF27EF0-EF85-4266-BDEB-3B546CF7547F}.Release|x86.ActiveCfg = SingleImage
		{2FF27EF0-EF85-4266-BDEB-3B546CF7547F}.Release|x86.Build.0 = SingleImage
		{2FF27EF0-EF85-4266-BDEB-3B546CF7547F}.SingleImage|Any CPU.ActiveCfg = SingleImage
		{2FF27EF0-EF85-4266-BDEB-3B546CF7547F}.SingleImage|Any CPU.Build.0 = SingleImage
		{2FF27EF0-EF85-4266-BDEB-3B546CF7547F}.SingleImage|x86.ActiveCfg = SingleImage
		{2FF27EF0-EF85-4266-BDEB-3B546CF7547F}.SingleImage|x86.Build.0 = SingleImage
		{10E70EC4-F846-4961-9412-BA586D241B54}.CD_ROM|Any CPU.ActiveCfg = Release|Any CPU
		{10E70EC4-F846-4961-9412-BA586D241B54}.CD_ROM|Any CPU.Build.0 = Release|Any CPU
		{10E70EC4-F846-4961-9412-BA586D241B54}.CD_ROM|x86.ActiveCfg = Release|Any CPU
		{10E70EC4-F846-4961-9412-BA586D241B54}.Debug|Any CPU.ActiveCfg = Debug|Any CPU
		{10E70EC4-F846-4961-9412-BA586D241B54}.Debug|Any CPU.Build.0 = Debug|Any CPU
		{10E70EC4-F846-4961-9412-BA586D241B54}.Debug|x86.ActiveCfg = Debug|Any CPU
		{10E70EC4-F846-4961-9412-BA586D241B54}.Debug|x86.Build.0 = Debug|Any CPU
		{10E70EC4-F846-4961-9412-BA586D241B54}.DVD-5|Any CPU.ActiveCfg = Debug|Any CPU
		{10E70EC4-F846-4961-9412-BA586D241B54}.DVD-5|Any CPU.Build.0 = Debug|Any CPU
		{10E70EC4-F846-4961-9412-BA586D241B54}.DVD-5|x86.ActiveCfg = Debug|Any CPU
		{10E70EC4-F846-4961-9412-BA586D241B54}.Release|Any CPU.ActiveCfg = Release|Any CPU
		{10E70EC4-F846-4961-9412-BA586D241B54}.Release|Any CPU.Build.0 = Release|Any CPU
		{10E70EC4-F846-4961-9412-BA586D241B54}.Release|x86.ActiveCfg = Release|Any CPU
		{10E70EC4-F846-4961-9412-BA586D241B54}.SingleImage|Any CPU.ActiveCfg = Release|Any CPU
		{10E70EC4-F846-4961-9412-BA586D241B54}.SingleImage|Any CPU.Build.0 = Release|Any CPU
		{10E70EC4-F846-4961-9412-BA586D241B54}.SingleImage|x86.ActiveCfg = Release|Any CPU
		{656CC121-BB87-4026-980C-25D134572EFB}.CD_ROM|Any CPU.ActiveCfg = Release|Any CPU
		{656CC121-BB87-4026-980C-25D134572EFB}.CD_ROM|Any CPU.Build.0 = Release|Any CPU
		{656CC121-BB87-4026-980C-25D134572EFB}.CD_ROM|x86.ActiveCfg = Release|Any CPU
		{656CC121-BB87-4026-980C-25D134572EFB}.Debug|Any CPU.ActiveCfg = Debug|Any CPU
		{656CC121-BB87-4026-980C-25D134572EFB}.Debug|Any CPU.Build.0 = Debug|Any CPU
		{656CC121-BB87-4026-980C-25D134572EFB}.Debug|x86.ActiveCfg = Debug|Any CPU
		{656CC121-BB87-4026-980C-25D134572EFB}.DVD-5|Any CPU.ActiveCfg = Debug|Any CPU
		{656CC121-BB87-4026-980C-25D134572EFB}.DVD-5|Any CPU.Build.0 = Debug|Any CPU
		{656CC121-BB87-4026-980C-25D134572EFB}.DVD-5|x86.ActiveCfg = Debug|Any CPU
		{656CC121-BB87-4026-980C-25D134572EFB}.Release|Any CPU.ActiveCfg = Release|Any CPU
		{656CC121-BB87-4026-980C-25D134572EFB}.Release|Any CPU.Build.0 = Release|Any CPU
		{656CC121-BB87-4026-980C-25D134572EFB}.Release|x86.ActiveCfg = Release|Any CPU
		{656CC121-BB87-4026-980C-25D134572EFB}.SingleImage|Any CPU.ActiveCfg = Release|Any CPU
		{656CC121-BB87-4026-980C-25D134572EFB}.SingleImage|Any CPU.Build.0 = Release|Any CPU
		{656CC121-BB87-4026-980C-25D134572EFB}.SingleImage|x86.ActiveCfg = Release|Any CPU
		{B899EDCE-A031-47C6-9B84-9BF179AF4891}.CD_ROM|Any CPU.ActiveCfg = Release|Any CPU
		{B899EDCE-A031-47C6-9B84-9BF179AF4891}.CD_ROM|Any CPU.Build.0 = Release|Any CPU
		{B899EDCE-A031-47C6-9B84-9BF179AF4891}.CD_ROM|x86.ActiveCfg = Release|Any CPU
		{B899EDCE-A031-47C6-9B84-9BF179AF4891}.Debug|Any CPU.ActiveCfg = Debug|Any CPU
		{B899EDCE-A031-47C6-9B84-9BF179AF4891}.Debug|Any CPU.Build.0 = Debug|Any CPU
		{B899EDCE-A031-47C6-9B84-9BF179AF4891}.Debug|x86.ActiveCfg = Debug|Any CPU
		{B899EDCE-A031-47C6-9B84-9BF179AF4891}.DVD-5|Any CPU.ActiveCfg = Debug|Any CPU
		{B899EDCE-A031-47C6-9B84-9BF179AF4891}.DVD-5|Any CPU.Build.0 = Debug|Any CPU
		{B899EDCE-A031-47C6-9B84-9BF179AF4891}.DVD-5|x86.ActiveCfg = Debug|Any CPU
		{B899EDCE-A031-47C6-9B84-9BF179AF4891}.Release|Any CPU.ActiveCfg = Release|Any CPU
		{B899EDCE-A031-47C6-9B84-9BF179AF4891}.Release|Any CPU.Build.0 = Release|Any CPU
		{B899EDCE-A031-47C6-9B84-9BF179AF4891}.Release|x86.ActiveCfg = Release|Any CPU
		{B899EDCE-A031-47C6-9B84-9BF179AF4891}.SingleImage|Any CPU.ActiveCfg = Release|Any CPU
		{B899EDCE-A031-47C6-9B84-9BF179AF4891}.SingleImage|Any CPU.Build.0 = Release|Any CPU
		{B899EDCE-A031-47C6-9B84-9BF179AF4891}.SingleImage|x86.ActiveCfg = Release|Any CPU
	EndGlobalSection
	GlobalSection(SolutionProperties) = preSolution
		HideSolutionNode = FALSE
	EndGlobalSection
EndGlobal
